{
  "object": {
    "pins": [
      {
        "package": "open-crypto",
        "repositoryURL": "https://github.com/vapor/open-crypto.git",
        "state": {
          "branch": null,
          "revision": "90c49bc68ee6d992fa13cf84ca8fc54b97eaf4cc",
          "version": "4.0.0-beta.2"
        }
      },
      {
        "package": "swift-nio",
        "repositoryURL": "https://github.com/apple/swift-nio.git",
        "state": {
          "branch": null,
          "revision": "e876fb37410e0036b98b5361bb18e6854739572b",
          "version": "2.16.0"
        }
      },
      {
        "package": "ZIPFoundation",
        "repositoryURL": "https://github.com/weichsel/ZIPFoundation.git",
        "state": {
          "branch": null,
          "revision": "ec32d62d412578542c0ffb7a6ce34d3e64b43b94",
          "version": "0.9.11"
        }
      }
    ]
  },
  "version": 1
}
